
Microsoft Visual Studio Solution File, Format Version 12.00
# Visual Studio Version 16
VisualStudioVersion = 16.0.31019.35
MinimumVisualStudioVersion = 10.0.40219.1
Project("{FAE04EC0-301F-11D3-BF4B-00C04F79EFBC}") = "OU1", "OU1\OU1.csproj", "{36A5E72E-DB77-439C-B966-2FF707A19620}"
EndProject
Global
	GlobalSection(SolutionConfigurationPlatforms) = preSolution
		Debug|Any CPU = Debug|Any CPU
		Release|Any CPU = Release|Any CPU
	EndGlobalSection
	GlobalSection(ProjectConfigurationPlatforms) = postSolution
		{36A5E72E-DB77-439C-B966-2FF707A19620}.Debug|Any CPU.ActiveCfg = Debug|Any CPU
		{36A5E72E-DB77-439C-B966-2FF707A19620}.Debug|Any CPU.Build.0 = Debug|Any CPU
		{36A5E72E-DB77-439C-B966-2FF707A19620}.Release|Any CPU.ActiveCfg = Release|Any CPU
		{36A5E72E-DB77-439C-B966-2FF707A19620}.Release|Any CPU.Build.0 = Release|Any CPU
	EndGlobalSection
	GlobalSection(SolutionProperties) = preSolution
		HideSolutionNode = FALSE
	EndGlobalSection
	GlobalSection(ExtensibilityGlobals) = postSolution
		SolutionGuid = {49A033A7-FDE2-4D05-B726-490A6FB3A947}
	EndGlobalSection
EndGlobal
